{
  "nodes": {
    "nixpkgs": {
      "locked": {
        "lastModified": 1596265691,
        "narHash": "sha256-9ofCzFqttTsGrvTaS4RrDSTNQO9PFOz5uyn8V+2eA5M=",
        "owner": "NixOS",
        "repo": "nixpkgs",
        "rev": "840c782d507d60aaa49aa9e3f6d0b0e780912742",
        "type": "github"
      },
      "original": {
        "owner": "NixOS",
        "ref": "nixos-unstable",
        "repo": "nixpkgs",
        "type": "github"
      }
    },
    "rains-src": {
      "flake": false,
      "locked": {
        "lastModified": 1585582333,
        "narHash": "sha256-Ow3pcO3g9WtGCyOxXssoqcllIMDOuBxRGUBfd7wRweQ=",
        "owner": "netsec-ethz",
        "repo": "rains",
        "rev": "053fc93906636f44fb3334115665d769870aa411",
        "type": "github"
      },
      "original": {
        "owner": "netsec-ethz",
        "repo": "rains",
        "type": "github"
      }
    },
    "root": {
      "inputs": {
        "nixpkgs": "nixpkgs",
        "rains-src": "rains-src",
        "scion-apps-src": "scion-apps-src",
        "scion-builder-src": "scion-builder-src",
        "scion-src": "scion-src",
        "scionlab-src": "scionlab-src"
      }
    },
    "scion-apps-src": {
      "flake": false,
      "locked": {
        "lastModified": 1596011907,
        "narHash": "sha256-fbB3GFnyOS1aVcjJ/YGTfJjo7pqKyzW3j7rOPfAVR/M=",
        "owner": "netsec-ethz",
        "repo": "scion-apps",
        "rev": "3335362c6cb0c8bf6b15d6b2ff5a95fc8acd2d8d",
        "type": "github"
      },
      "original": {
        "owner": "netsec-ethz",
        "repo": "scion-apps",
        "type": "github"
      }
    },
    "scion-builder-src": {
      "flake": false,
      "locked": {
        "lastModified": 1587998365,
        "narHash": "sha256-NXTEQfspa+yTK5gNpE+wtBNMSjcAE46Xwo12D2KmtFc=",
        "owner": "netsec-ethz",
        "repo": "scion-builder",
        "rev": "4ec29f47da7aad0405ec139e82e2f835135a5641",
        "type": "github"
      },
      "original": {
        "owner": "netsec-ethz",
        "repo": "scion-builder",
        "type": "github"
      }
    },
    "scion-src": {
      "flake": false,
      "locked": {
        "lastModified": 1590415660,
        "narHash": "sha256-rZq+A+A2/jEv+ht624NYz8MGsHwgatn2mCtwRsK5s+8=",
        "owner": "netsec-ethz",
        "repo": "scion",
        "rev": "897105c810c3ba8265205a5d98c3065952fc3214",
        "type": "github"
      },
      "original": {
        "owner": "netsec-ethz",
        "ref": "scionlab",
        "repo": "scion",
        "type": "github"
      }
    },
    "scionlab-src": {
      "flake": false,
      "locked": {
        "lastModified": 1595331301,
        "narHash": "sha256-dcdQFz+S/dn/lU7OHi1mffG/IKQvxpRvtVreiXq+cVs=",
        "owner": "netsec-ethz",
        "repo": "scionlab",
        "rev": "887a481aed017fc968a8ddcfb072c00bc130c48a",
        "type": "github"
      },
      "original": {
        "owner": "netsec-ethz",
        "ref": "develop",
        "repo": "scionlab",
        "type": "github"
      }
    }
  },
  "root": "root",
  "version": 7
}
