{
  "nodes": {
    "nixpkgs": {
      "locked": {
        "lastModified": 1698611440,
        "narHash": "sha256-jPjHjrerhYDy3q9+s5EAsuhyhuknNfowY6yt6pjn9pc=",
        "owner": "NixOS",
        "repo": "nixpkgs",
        "rev": "0cbe9f69c234a7700596e943bfae7ef27a31b735",
        "type": "github"
      },
      "original": {
        "owner": "NixOS",
        "ref": "nixos-unstable",
        "repo": "nixpkgs",
        "type": "github"
      }
    },
    "rains-src": {
      "flake": false,
      "locked": {
        "lastModified": 1697457689,
        "narHash": "sha256-UY/qP1edugl/MaHpqkicGdn5ffyDn89Iu8qfv+CChIc=",
        "owner": "netsec-ethz",
        "repo": "rains",
        "rev": "1e8d70642e60b404e60f18c7d74c8cdda8d3da51",
        "type": "github"
      },
      "original": {
        "owner": "netsec-ethz",
        "repo": "rains",
        "type": "github"
      }
    },
    "root": {
      "inputs": {
        "nixpkgs": "nixpkgs",
        "rains-src": "rains-src",
        "scion-apps-src": "scion-apps-src",
        "scion-builder-src": "scion-builder-src",
        "scion-src": "scion-src",
        "scionlab-src": "scionlab-src"
      }
    },
    "scion-apps-src": {
      "flake": false,
      "locked": {
        "lastModified": 1699365709,
        "narHash": "sha256-iUIpShyaxqfOazWmjlz+2pVlyrIv6neqOR9Ido3FOB0=",
        "owner": "netsec-ethz",
        "repo": "scion-apps",
        "rev": "3afc9a9118080aa78e6a6435c06549a8a6c0bd23",
        "type": "github"
      },
      "original": {
        "owner": "netsec-ethz",
        "ref": "master",
        "repo": "scion-apps",
        "type": "github"
      }
    },
    "scion-builder-src": {
      "flake": false,
      "locked": {
        "lastModified": 1587998365,
        "narHash": "sha256-NXTEQfspa+yTK5gNpE+wtBNMSjcAE46Xwo12D2KmtFc=",
        "owner": "netsec-ethz",
        "repo": "scion-builder",
        "rev": "4ec29f47da7aad0405ec139e82e2f835135a5641",
        "type": "github"
      },
      "original": {
        "owner": "netsec-ethz",
        "repo": "scion-builder",
        "type": "github"
      }
    },
    "scion-src": {
      "flake": false,
      "locked": {
        "lastModified": 1698681102,
        "narHash": "sha256-hiL4JWlvFpbnzfKby7syRUQBp4s4rPTOIbCtdveHeFg=",
        "owner": "scionproto",
        "repo": "scion",
        "rev": "a82e4fb9817fe30e60ee5a8740cc1075df10b438",
        "type": "github"
      },
      "original": {
        "owner": "scionproto",
        "ref": "v0.9.1",
        "repo": "scion",
        "type": "github"
      }
    },
    "scionlab-src": {
      "flake": false,
      "locked": {
        "lastModified": 1655307201,
        "narHash": "sha256-Oa1Cw8Y65Z0ZusunBr+1c0B+hMk5hhUizZb7UngQT6Y=",
        "owner": "netsec-ethz",
        "repo": "scionlab",
        "rev": "d5ba556c393d52868837a98f614b46af012d9fbd",
        "type": "github"
      },
      "original": {
        "owner": "netsec-ethz",
        "ref": "develop",
        "repo": "scionlab",
        "type": "github"
      }
    }
  },
  "root": "root",
  "version": 7
}
