{
  "nodes": {
    "nixpkgs": {
      "locked": {
        "lastModified": 1644613700,
        "narHash": "sha256-wLRPJclMH8vsHuFtyI78aF09lw5mbi3lMB6uiK5S2wE=",
        "owner": "NixOS",
        "repo": "nixpkgs",
        "rev": "23d785aa6f853e6cf3430119811c334025bbef55",
        "type": "github"
      },
      "original": {
        "owner": "NixOS",
        "ref": "nixos-unstable",
        "repo": "nixpkgs",
        "type": "github"
      }
    },
    "rains-src": {
      "flake": false,
      "locked": {
        "lastModified": 1643636862,
        "narHash": "sha256-mZJXILHP4q6gyKmHWH954x7KxMxVIS74qO0waFZZ0G0=",
        "owner": "netsec-ethz",
        "repo": "rains",
        "rev": "95d4ec2a172845d36bf0ff5daafd885eae901232",
        "type": "github"
      },
      "original": {
        "owner": "netsec-ethz",
        "repo": "rains",
        "type": "github"
      }
    },
    "root": {
      "inputs": {
        "nixpkgs": "nixpkgs",
        "rains-src": "rains-src",
        "scion-apps-src": "scion-apps-src",
        "scion-builder-src": "scion-builder-src",
        "scion-src": "scion-src",
        "scionlab-src": "scionlab-src"
      }
    },
    "scion-apps-src": {
      "flake": false,
      "locked": {
        "lastModified": 1643658523,
        "narHash": "sha256-t1k1TqaL3/ylCjXE/61b4fMK+ZLvmvviOCR+EqQDjcE=",
        "owner": "netsec-ethz",
        "repo": "scion-apps",
        "rev": "980ee3726df0916dc255ad7b71ddcc7d11b8ee70",
        "type": "github"
      },
      "original": {
        "owner": "netsec-ethz",
        "repo": "scion-apps",
        "type": "github"
      }
    },
    "scion-builder-src": {
      "flake": false,
      "locked": {
        "lastModified": 1587998365,
        "narHash": "sha256-NXTEQfspa+yTK5gNpE+wtBNMSjcAE46Xwo12D2KmtFc=",
        "owner": "netsec-ethz",
        "repo": "scion-builder",
        "rev": "4ec29f47da7aad0405ec139e82e2f835135a5641",
        "type": "github"
      },
      "original": {
        "owner": "netsec-ethz",
        "repo": "scion-builder",
        "type": "github"
      }
    },
    "scion-src": {
      "flake": false,
      "locked": {
        "lastModified": 1645440591,
        "narHash": "sha256-ZJYXdv2jNdgIOTjAJX3siAlUXnoSqnydZDW5wEezt3c=",
        "owner": "netsec-ethz",
        "repo": "scion",
        "rev": "1589a47f8c79cf43d13e86cefc16ac9ea8694ab5",
        "type": "github"
      },
      "original": {
        "owner": "netsec-ethz",
        "ref": "scionlab",
        "repo": "scion",
        "type": "github"
      }
    },
    "scionlab-src": {
      "flake": false,
      "locked": {
        "lastModified": 1644850646,
        "narHash": "sha256-RRkjYzjgrMzDaJogElccyJ6a1RRD03POOGixQljzwJ0=",
        "owner": "netsec-ethz",
        "repo": "scionlab",
        "rev": "8762b046e8cd6a5ea3d59aa3c9b84057feb0fbda",
        "type": "github"
      },
      "original": {
        "owner": "netsec-ethz",
        "ref": "develop",
        "repo": "scionlab",
        "type": "github"
      }
    }
  },
  "root": "root",
  "version": 7
}
